
Microsoft Visual Studio Solution File, Format Version 12.00
# Visual Studio Version 16
VisualStudioVersion = 25.0.1700.0
MinimumVisualStudioVersion = 10.0.40219.1
Project("{FAE04EC0-301F-11D3-BF4B-00C04F79EFBC}") = "WebApi", "Server\AppService\WebApi\WebApi.csproj", "{FE6903F2-2B09-494A-8F14-5F9D9428FA04}"
EndProject
Project("{FAE04EC0-301F-11D3-BF4B-00C04F79EFBC}") = "Catalog.Mobile", "Client\Catalog.Mobile\Catalog.Mobile.csproj", "{7CB40819-647A-479D-BE5A-2DC8D6CAA566}"
EndProject
Project("{FAE04EC0-301F-11D3-BF4B-00C04F79EFBC}") = "WebApi.Client", "Client\WebApi.Client\WebApi.Client.csproj", "{C4876FBC-02BE-4E01-B97A-6B109C094074}"
EndProject
Project("{2150E333-8FDC-42A3-9474-1A3956D46DE8}") = "Solution Items", "Solution Items", "{F4543430-B73F-4E9B-A833-54A5A7E6E016}"
	ProjectSection(SolutionItems) = preProject
		README.md = README.md
		tye.yaml = tye.yaml
	EndProjectSection
EndProject
Project("{FAE04EC0-301F-11D3-BF4B-00C04F79EFBC}") = "Catalog.Web", "Client\Catalog.Web\Catalog.Web.csproj", "{477A0CC5-4676-461D-B440-98AE44366007}"
EndProject
Project("{FAE04EC0-301F-11D3-BF4B-00C04F79EFBC}") = "Catalog", "Client\Catalog\Catalog.csproj", "{35B8EA7C-7836-493F-9A7A-617450B7278E}"
EndProject
Project("{FAE04EC0-301F-11D3-BF4B-00C04F79EFBC}") = "Worker", "Server\Worker\Worker.csproj", "{B1340B6E-DFEF-474F-AF38-E3785E87580C}"
EndProject
Project("{FAE04EC0-301F-11D3-BF4B-00C04F79EFBC}") = "Contracts", "Server\Contracts\Contracts.csproj", "{6C545AF3-D120-42E1-9085-84304FC9365E}"
EndProject
Project("{FAE04EC0-301F-11D3-BF4B-00C04F79EFBC}") = "Application", "Server\AppService\Application\Application.csproj", "{5703C975-1DF2-4AC7-BD7D-133F2DAE2FB2}"
EndProject
Project("{FAE04EC0-301F-11D3-BF4B-00C04F79EFBC}") = "Infrastructure", "Server\AppService\Infrastructure\Infrastructure.csproj", "{F4BC4E39-94AA-437D-BE25-EC7C9380858D}"
EndProject
Project("{FAE04EC0-301F-11D3-BF4B-00C04F79EFBC}") = "Domain", "Server\AppService\Domain\Domain.csproj", "{EFA9EA78-99DB-4DF6-B359-4263E264B72B}"
EndProject
Project("{FAE04EC0-301F-11D3-BF4B-00C04F79EFBC}") = "Application.Dtos", "Server\AppService\Application.Dtos\Application.Dtos.csproj", "{3BE6607E-0E41-493E-88D6-6A20E411F97C}"
EndProject
Project("{2150E333-8FDC-42A3-9474-1A3956D46DE8}") = "Server", "Server", "{0835A9D5-FAED-4BE3-94E1-5D9E67ABD85C}"
EndProject
Project("{2150E333-8FDC-42A3-9474-1A3956D46DE8}") = "Client", "Client", "{0CD6BE3D-ABFE-4626-AB50-D0264076737A}"
EndProject
Project("{2150E333-8FDC-42A3-9474-1A3956D46DE8}") = "AppService", "AppService", "{A127FB06-772A-4F77-A65E-6EDA88A9622F}"
EndProject
Global
	GlobalSection(SolutionConfigurationPlatforms) = preSolution
		Debug|Any CPU = Debug|Any CPU
		Release|Any CPU = Release|Any CPU
	EndGlobalSection
	GlobalSection(ProjectConfigurationPlatforms) = postSolution
		{FE6903F2-2B09-494A-8F14-5F9D9428FA04}.Debug|Any CPU.ActiveCfg = Debug|Any CPU
		{FE6903F2-2B09-494A-8F14-5F9D9428FA04}.Debug|Any CPU.Build.0 = Debug|Any CPU
		{FE6903F2-2B09-494A-8F14-5F9D9428FA04}.Release|Any CPU.ActiveCfg = Release|Any CPU
		{FE6903F2-2B09-494A-8F14-5F9D9428FA04}.Release|Any CPU.Build.0 = Release|Any CPU
		{7CB40819-647A-479D-BE5A-2DC8D6CAA566}.Debug|Any CPU.ActiveCfg = Debug|Any CPU
		{7CB40819-647A-479D-BE5A-2DC8D6CAA566}.Debug|Any CPU.Build.0 = Debug|Any CPU
		{7CB40819-647A-479D-BE5A-2DC8D6CAA566}.Release|Any CPU.ActiveCfg = Release|Any CPU
		{7CB40819-647A-479D-BE5A-2DC8D6CAA566}.Release|Any CPU.Build.0 = Release|Any CPU
		{C4876FBC-02BE-4E01-B97A-6B109C094074}.Debug|Any CPU.ActiveCfg = Debug|Any CPU
		{C4876FBC-02BE-4E01-B97A-6B109C094074}.Debug|Any CPU.Build.0 = Debug|Any CPU
		{C4876FBC-02BE-4E01-B97A-6B109C094074}.Release|Any CPU.ActiveCfg = Release|Any CPU
		{C4876FBC-02BE-4E01-B97A-6B109C094074}.Release|Any CPU.Build.0 = Release|Any CPU
		{477A0CC5-4676-461D-B440-98AE44366007}.Debug|Any CPU.ActiveCfg = Debug|Any CPU
		{477A0CC5-4676-461D-B440-98AE44366007}.Debug|Any CPU.Build.0 = Debug|Any CPU
		{477A0CC5-4676-461D-B440-98AE44366007}.Release|Any CPU.ActiveCfg = Release|Any CPU
		{477A0CC5-4676-461D-B440-98AE44366007}.Release|Any CPU.Build.0 = Release|Any CPU
		{35B8EA7C-7836-493F-9A7A-617450B7278E}.Debug|Any CPU.ActiveCfg = Debug|Any CPU
		{35B8EA7C-7836-493F-9A7A-617450B7278E}.Debug|Any CPU.Build.0 = Debug|Any CPU
		{35B8EA7C-7836-493F-9A7A-617450B7278E}.Release|Any CPU.ActiveCfg = Release|Any CPU
		{35B8EA7C-7836-493F-9A7A-617450B7278E}.Release|Any CPU.Build.0 = Release|Any CPU
		{B1340B6E-DFEF-474F-AF38-E3785E87580C}.Debug|Any CPU.ActiveCfg = Debug|Any CPU
		{B1340B6E-DFEF-474F-AF38-E3785E87580C}.Debug|Any CPU.Build.0 = Debug|Any CPU
		{B1340B6E-DFEF-474F-AF38-E3785E87580C}.Release|Any CPU.ActiveCfg = Release|Any CPU
		{B1340B6E-DFEF-474F-AF38-E3785E87580C}.Release|Any CPU.Build.0 = Release|Any CPU
		{6C545AF3-D120-42E1-9085-84304FC9365E}.Debug|Any CPU.ActiveCfg = Debug|Any CPU
		{6C545AF3-D120-42E1-9085-84304FC9365E}.Debug|Any CPU.Build.0 = Debug|Any CPU
		{6C545AF3-D120-42E1-9085-84304FC9365E}.Release|Any CPU.ActiveCfg = Release|Any CPU
		{6C545AF3-D120-42E1-9085-84304FC9365E}.Release|Any CPU.Build.0 = Release|Any CPU
		{5703C975-1DF2-4AC7-BD7D-133F2DAE2FB2}.Debug|Any CPU.ActiveCfg = Debug|Any CPU
		{5703C975-1DF2-4AC7-BD7D-133F2DAE2FB2}.Debug|Any CPU.Build.0 = Debug|Any CPU
		{5703C975-1DF2-4AC7-BD7D-133F2DAE2FB2}.Release|Any CPU.ActiveCfg = Release|Any CPU
		{5703C975-1DF2-4AC7-BD7D-133F2DAE2FB2}.Release|Any CPU.Build.0 = Release|Any CPU
		{F4BC4E39-94AA-437D-BE25-EC7C9380858D}.Debug|Any CPU.ActiveCfg = Debug|Any CPU
		{F4BC4E39-94AA-437D-BE25-EC7C9380858D}.Debug|Any CPU.Build.0 = Debug|Any CPU
		{F4BC4E39-94AA-437D-BE25-EC7C9380858D}.Release|Any CPU.ActiveCfg = Release|Any CPU
		{F4BC4E39-94AA-437D-BE25-EC7C9380858D}.Release|Any CPU.Build.0 = Release|Any CPU
		{EFA9EA78-99DB-4DF6-B359-4263E264B72B}.Debug|Any CPU.ActiveCfg = Debug|Any CPU
		{EFA9EA78-99DB-4DF6-B359-4263E264B72B}.Debug|Any CPU.Build.0 = Debug|Any CPU
		{EFA9EA78-99DB-4DF6-B359-4263E264B72B}.Release|Any CPU.ActiveCfg = Release|Any CPU
		{EFA9EA78-99DB-4DF6-B359-4263E264B72B}.Release|Any CPU.Build.0 = Release|Any CPU
		{3BE6607E-0E41-493E-88D6-6A20E411F97C}.Debug|Any CPU.ActiveCfg = Debug|Any CPU
		{3BE6607E-0E41-493E-88D6-6A20E411F97C}.Debug|Any CPU.Build.0 = Debug|Any CPU
		{3BE6607E-0E41-493E-88D6-6A20E411F97C}.Release|Any CPU.ActiveCfg = Release|Any CPU
		{3BE6607E-0E41-493E-88D6-6A20E411F97C}.Release|Any CPU.Build.0 = Release|Any CPU
	EndGlobalSection
	GlobalSection(SolutionProperties) = preSolution
		HideSolutionNode = FALSE
	EndGlobalSection
	GlobalSection(ExtensibilityGlobals) = postSolution
		SolutionGuid = {F844EC9E-6AEE-4238-921B-05A9DCE3EE16}
	EndGlobalSection
	GlobalSection(NestedProjects) = preSolution
		{FE6903F2-2B09-494A-8F14-5F9D9428FA04} = {A127FB06-772A-4F77-A65E-6EDA88A9622F}
		{7CB40819-647A-479D-BE5A-2DC8D6CAA566} = {0CD6BE3D-ABFE-4626-AB50-D0264076737A}
		{477A0CC5-4676-461D-B440-98AE44366007} = {0CD6BE3D-ABFE-4626-AB50-D0264076737A}
		{35B8EA7C-7836-493F-9A7A-617450B7278E} = {0CD6BE3D-ABFE-4626-AB50-D0264076737A}
		{5703C975-1DF2-4AC7-BD7D-133F2DAE2FB2} = {A127FB06-772A-4F77-A65E-6EDA88A9622F}
		{3BE6607E-0E41-493E-88D6-6A20E411F97C} = {A127FB06-772A-4F77-A65E-6EDA88A9622F}
		{EFA9EA78-99DB-4DF6-B359-4263E264B72B} = {A127FB06-772A-4F77-A65E-6EDA88A9622F}
		{F4BC4E39-94AA-437D-BE25-EC7C9380858D} = {A127FB06-772A-4F77-A65E-6EDA88A9622F}
		{C4876FBC-02BE-4E01-B97A-6B109C094074} = {0CD6BE3D-ABFE-4626-AB50-D0264076737A}
		{B1340B6E-DFEF-474F-AF38-E3785E87580C} = {0835A9D5-FAED-4BE3-94E1-5D9E67ABD85C}
		{6C545AF3-D120-42E1-9085-84304FC9365E} = {0835A9D5-FAED-4BE3-94E1-5D9E67ABD85C}
		{A127FB06-772A-4F77-A65E-6EDA88A9622F} = {0835A9D5-FAED-4BE3-94E1-5D9E67ABD85C}
	EndGlobalSection
EndGlobal
