
Microsoft Visual Studio Solution File, Format Version 12.00
# Visual Studio Version 16
VisualStudioVersion = 25.0.1700.0
MinimumVisualStudioVersion = 10.0.40219.1
Project("{FAE04EC0-301F-11D3-BF4B-00C04F79EFBC}") = "WebApi", "AppService\WebApi\WebApi.csproj", "{FE6903F2-2B09-494A-8F14-5F9D9428FA04}"
EndProject
Project("{2150E333-8FDC-42A3-9474-1A3956D46DE8}") = "Solution Items", "Solution Items", "{F4543430-B73F-4E9B-A833-54A5A7E6E016}"
	ProjectSection(SolutionItems) = preProject
		README.md = README.md
		tye.yaml = tye.yaml
		nginx.conf = nginx.conf
	EndProjectSection
EndProject
Project("{FAE04EC0-301F-11D3-BF4B-00C04F79EFBC}") = "Catalog", "Catalog\Catalog\Catalog.csproj", "{35B8EA7C-7836-493F-9A7A-617450B7278E}"
EndProject
Project("{FAE04EC0-301F-11D3-BF4B-00C04F79EFBC}") = "Contracts", "Contracts\Contracts.csproj", "{6C545AF3-D120-42E1-9085-84304FC9365E}"
EndProject
Project("{FAE04EC0-301F-11D3-BF4B-00C04F79EFBC}") = "Application", "AppService\Application\Application.csproj", "{5703C975-1DF2-4AC7-BD7D-133F2DAE2FB2}"
EndProject
Project("{FAE04EC0-301F-11D3-BF4B-00C04F79EFBC}") = "Infrastructure", "AppService\Infrastructure\Infrastructure.csproj", "{F4BC4E39-94AA-437D-BE25-EC7C9380858D}"
EndProject
Project("{FAE04EC0-301F-11D3-BF4B-00C04F79EFBC}") = "Domain", "AppService\Domain\Domain.csproj", "{EFA9EA78-99DB-4DF6-B359-4263E264B72B}"
EndProject
Project("{2150E333-8FDC-42A3-9474-1A3956D46DE8}") = "Catalog", "Catalog", "{0CD6BE3D-ABFE-4626-AB50-D0264076737A}"
EndProject
Project("{2150E333-8FDC-42A3-9474-1A3956D46DE8}") = "AppService", "AppService", "{A127FB06-772A-4F77-A65E-6EDA88A9622F}"
EndProject
Project("{FAE04EC0-301F-11D3-BF4B-00C04F79EFBC}") = "IdentityService", "IdentityService\IdentityService\IdentityService.csproj", "{ABD9C8C1-56B2-4513-B15B-29BED2C71CDF}"
EndProject
Project("{FAE04EC0-301F-11D3-BF4B-00C04F79EFBC}") = "Catalog.Tests", "Catalog\Catalog.Tests\Catalog.Tests.csproj", "{31825979-5DD6-42A3-AA43-C9F016CC02D2}"
EndProject
Project("{FAE04EC0-301F-11D3-BF4B-00C04F79EFBC}") = "Catalog.Shared", "Catalog\Catalog.Shared\Catalog.Shared.csproj", "{6A1E4C6B-E303-4AE0-BFF6-07697ABFFC76}"
EndProject
Project("{FAE04EC0-301F-11D3-BF4B-00C04F79EFBC}") = "IdentityService.Client", "IdentityService\IdentityService.Client\IdentityService.Client.csproj", "{C9F0EF45-563C-43E7-9227-BEFD1367E945}"
EndProject
Project("{FAE04EC0-301F-11D3-BF4B-00C04F79EFBC}") = "IdentityService.Contracts", "IdentityService\IdentityService.Contracts\IdentityService.Contracts.csproj", "{C02BF8CA-A463-4D8C-95FC-BBFCF6FA199F}"
EndProject
Project("{FAE04EC0-301F-11D3-BF4B-00C04F79EFBC}") = "Seeder", "Seeder\Seeder.csproj", "{A4A1CF64-0125-4334-B292-9F7A405B956E}"
EndProject
Project("{2150E333-8FDC-42A3-9474-1A3956D46DE8}") = "IdentityService", "IdentityService", "{09B27CAA-AD3C-404E-B077-0C6937E2465B}"
EndProject
Project("{FAE04EC0-301F-11D3-BF4B-00C04F79EFBC}") = "AppService.Client", "AppService\AppService.Client\AppService.Client.csproj", "{418B1286-FE4F-4106-AAA1-5A600BFA80C0}"
EndProject
Project("{2150E333-8FDC-42A3-9474-1A3956D46DE8}") = "Worker", "Worker", "{D25E5961-3C03-4728-BCDF-F26B8C3CC3D6}"
EndProject
Project("{FAE04EC0-301F-11D3-BF4B-00C04F79EFBC}") = "Worker", "Worker\Worker\Worker.csproj", "{C7644874-32C4-4E77-BB67-79959C4B12CF}"
EndProject
Project("{FAE04EC0-301F-11D3-BF4B-00C04F79EFBC}") = "Worker.Client", "Worker\Worker.Client\Worker.Client.csproj", "{927BE363-6722-471C-A560-328C60CFD7FC}"
EndProject
Project("{2150E333-8FDC-42A3-9474-1A3956D46DE8}") = "Notifications", "Notifications", "{03EA5E18-1AB5-4AB6-A8E2-F80274F56EA5}"
EndProject
Project("{FAE04EC0-301F-11D3-BF4B-00C04F79EFBC}") = "Notifications.Client", "Notifications\Notifications.Client\Notifications.Client.csproj", "{EF70063D-B04D-4D46-9575-C647951501C0}"
EndProject
Project("{FAE04EC0-301F-11D3-BF4B-00C04F79EFBC}") = "Notifications", "Notifications\Notifications\Notifications.csproj", "{4E99409C-0705-4C84-8465-C3700D6762D4}"
EndProject
Project("{FAE04EC0-301F-11D3-BF4B-00C04F79EFBC}") = "MudBlazor.Extensions", "Catalog\MudBlazor.Extensions\MudBlazor.Extensions.csproj", "{49CBD685-EDC4-48E0-B63D-155D2669DE67}"
EndProject
Project("{2150E333-8FDC-42A3-9474-1A3956D46DE8}") = "Messenger", "Messenger", "{F4EA0D92-83A8-407B-9107-C1693D7534B3}"
EndProject
Project("{FAE04EC0-301F-11D3-BF4B-00C04F79EFBC}") = "Messenger", "Messenger\Messenger\Messenger.csproj", "{3160AE7A-545C-498B-9A23-3780D093C526}"
EndProject
Project("{FAE04EC0-301F-11D3-BF4B-00C04F79EFBC}") = "Messenger.Client", "Messenger\Messenger.Client\Messenger.Client.csproj", "{C774432C-7A34-4500-90D3-0B7D7ED7B413}"
EndProject
Project("{FAE04EC0-301F-11D3-BF4B-00C04F79EFBC}") = "Messenger.Contracts", "Messenger\Messenger.Contracts\Messenger.Contracts.csproj", "{2D542B2D-2FB6-468B-949B-224C4AC9949F}"
EndProject
Project("{FAE04EC0-301F-11D3-BF4B-00C04F79EFBC}") = "Messenger.UI", "Messenger\Messenger.UI\Messenger.UI.csproj", "{7F4CF697-C590-4B64-A342-F85F24C3CB1F}"
EndProject
Project("{FAE04EC0-301F-11D3-BF4B-00C04F79EFBC}") = "Notifications.UI", "Notifications\Notifications.UI\Notifications.UI.csproj", "{2FA812BD-A15F-4DE1-8AE9-F3952C930CBA}"
EndProject
Project("{FAE04EC0-301F-11D3-BF4B-00C04F79EFBC}") = "IdentityService.UI", "IdentityService\IdentityService.UI\IdentityService.UI.csproj", "{9B21A869-3022-462D-A741-A70EC0BD4278}"
EndProject
Project("{FAE04EC0-301F-11D3-BF4B-00C04F79EFBC}") = "Catalog.Services", "Catalog\Catalog.Services\Catalog.Services.csproj", "{7571D13C-FBF0-4B7F-92A0-BF7C2CBD8C34}"
EndProject
Project("{2150E333-8FDC-42A3-9474-1A3956D46DE8}") = "Search", "Search", "{0ABCBD90-7D0F-492B-91E1-83C3E3C73510}"
EndProject
Project("{FAE04EC0-301F-11D3-BF4B-00C04F79EFBC}") = "Search", "Search\Search\Search.csproj", "{0C595849-9836-418F-BA7D-03EFD7841B5D}"
EndProject
Project("{FAE04EC0-301F-11D3-BF4B-00C04F79EFBC}") = "Search.Client", "Search\Search.Client\Search.Client.csproj", "{24422926-AFFB-4B33-A0CF-F8349A165FD6}"
EndProject
Project("{FAE04EC0-301F-11D3-BF4B-00C04F79EFBC}") = "Search.UI", "Search\Search.UI\Search.UI.csproj", "{B36C52D1-5390-46F8-966D-E0C4D135376D}"
EndProject
Project("{FAE04EC0-301F-11D3-BF4B-00C04F79EFBC}") = "Search.Components", "Search\Search.Components\Search.Components.csproj", "{7E98B0DC-C8A7-44D1-AE5B-8484EC2F3480}"
EndProject
Project("{FAE04EC0-301F-11D3-BF4B-00C04F79EFBC}") = "Notifications.Components", "Notifications\Notifications.Components\Notifications.Components.csproj", "{C53EADB7-6181-49BA-92C8-CD4F460E38A6}"
EndProject
Project("{2150E333-8FDC-42A3-9474-1A3956D46DE8}") = "ApiKeys", "ApiKeys", "{DCBFB358-3028-4CBF-849E-B226F4FE7450}"
EndProject
Project("{FAE04EC0-301F-11D3-BF4B-00C04F79EFBC}") = "ApiKeys", "ApiKeys\ApiKeys\ApiKeys.csproj", "{596BF566-DE54-474D-95F0-70888DD1E429}"
EndProject
Project("{FAE04EC0-301F-11D3-BF4B-00C04F79EFBC}") = "ApiKeys.Client", "ApiKeys\ApiKeys.Client\ApiKeys.Client.csproj", "{7BF7B8C4-BD35-4A85-86B3-32A4179CA9D9}"
EndProject
Project("{FAE04EC0-301F-11D3-BF4B-00C04F79EFBC}") = "ApiKeys.Integration", "ApiKeys\ApiKeys.Integration\ApiKeys.Integration.csproj", "{0E94E6E0-257A-4137-99A0-8574FC5E5DF3}"
EndProject
Global
	GlobalSection(SolutionConfigurationPlatforms) = preSolution
		Debug|Any CPU = Debug|Any CPU
		Release|Any CPU = Release|Any CPU
	EndGlobalSection
	GlobalSection(ProjectConfigurationPlatforms) = postSolution
		{FE6903F2-2B09-494A-8F14-5F9D9428FA04}.Debug|Any CPU.ActiveCfg = Debug|Any CPU
		{FE6903F2-2B09-494A-8F14-5F9D9428FA04}.Debug|Any CPU.Build.0 = Debug|Any CPU
		{FE6903F2-2B09-494A-8F14-5F9D9428FA04}.Release|Any CPU.ActiveCfg = Release|Any CPU
		{FE6903F2-2B09-494A-8F14-5F9D9428FA04}.Release|Any CPU.Build.0 = Release|Any CPU
		{35B8EA7C-7836-493F-9A7A-617450B7278E}.Debug|Any CPU.ActiveCfg = Debug|Any CPU
		{35B8EA7C-7836-493F-9A7A-617450B7278E}.Debug|Any CPU.Build.0 = Debug|Any CPU
		{35B8EA7C-7836-493F-9A7A-617450B7278E}.Release|Any CPU.ActiveCfg = Release|Any CPU
		{35B8EA7C-7836-493F-9A7A-617450B7278E}.Release|Any CPU.Build.0 = Release|Any CPU
		{6C545AF3-D120-42E1-9085-84304FC9365E}.Debug|Any CPU.ActiveCfg = Debug|Any CPU
		{6C545AF3-D120-42E1-9085-84304FC9365E}.Debug|Any CPU.Build.0 = Debug|Any CPU
		{6C545AF3-D120-42E1-9085-84304FC9365E}.Release|Any CPU.ActiveCfg = Release|Any CPU
		{6C545AF3-D120-42E1-9085-84304FC9365E}.Release|Any CPU.Build.0 = Release|Any CPU
		{5703C975-1DF2-4AC7-BD7D-133F2DAE2FB2}.Debug|Any CPU.ActiveCfg = Debug|Any CPU
		{5703C975-1DF2-4AC7-BD7D-133F2DAE2FB2}.Debug|Any CPU.Build.0 = Debug|Any CPU
		{5703C975-1DF2-4AC7-BD7D-133F2DAE2FB2}.Release|Any CPU.ActiveCfg = Release|Any CPU
		{5703C975-1DF2-4AC7-BD7D-133F2DAE2FB2}.Release|Any CPU.Build.0 = Release|Any CPU
		{F4BC4E39-94AA-437D-BE25-EC7C9380858D}.Debug|Any CPU.ActiveCfg = Debug|Any CPU
		{F4BC4E39-94AA-437D-BE25-EC7C9380858D}.Debug|Any CPU.Build.0 = Debug|Any CPU
		{F4BC4E39-94AA-437D-BE25-EC7C9380858D}.Release|Any CPU.ActiveCfg = Release|Any CPU
		{F4BC4E39-94AA-437D-BE25-EC7C9380858D}.Release|Any CPU.Build.0 = Release|Any CPU
		{EFA9EA78-99DB-4DF6-B359-4263E264B72B}.Debug|Any CPU.ActiveCfg = Debug|Any CPU
		{EFA9EA78-99DB-4DF6-B359-4263E264B72B}.Debug|Any CPU.Build.0 = Debug|Any CPU
		{EFA9EA78-99DB-4DF6-B359-4263E264B72B}.Release|Any CPU.ActiveCfg = Release|Any CPU
		{EFA9EA78-99DB-4DF6-B359-4263E264B72B}.Release|Any CPU.Build.0 = Release|Any CPU
		{ABD9C8C1-56B2-4513-B15B-29BED2C71CDF}.Debug|Any CPU.ActiveCfg = Debug|Any CPU
		{ABD9C8C1-56B2-4513-B15B-29BED2C71CDF}.Debug|Any CPU.Build.0 = Debug|Any CPU
		{ABD9C8C1-56B2-4513-B15B-29BED2C71CDF}.Release|Any CPU.ActiveCfg = Release|Any CPU
		{ABD9C8C1-56B2-4513-B15B-29BED2C71CDF}.Release|Any CPU.Build.0 = Release|Any CPU
		{31825979-5DD6-42A3-AA43-C9F016CC02D2}.Debug|Any CPU.ActiveCfg = Debug|Any CPU
		{31825979-5DD6-42A3-AA43-C9F016CC02D2}.Debug|Any CPU.Build.0 = Debug|Any CPU
		{31825979-5DD6-42A3-AA43-C9F016CC02D2}.Release|Any CPU.ActiveCfg = Release|Any CPU
		{31825979-5DD6-42A3-AA43-C9F016CC02D2}.Release|Any CPU.Build.0 = Release|Any CPU
		{6A1E4C6B-E303-4AE0-BFF6-07697ABFFC76}.Debug|Any CPU.ActiveCfg = Debug|Any CPU
		{6A1E4C6B-E303-4AE0-BFF6-07697ABFFC76}.Debug|Any CPU.Build.0 = Debug|Any CPU
		{6A1E4C6B-E303-4AE0-BFF6-07697ABFFC76}.Release|Any CPU.ActiveCfg = Release|Any CPU
		{6A1E4C6B-E303-4AE0-BFF6-07697ABFFC76}.Release|Any CPU.Build.0 = Release|Any CPU
		{C9F0EF45-563C-43E7-9227-BEFD1367E945}.Debug|Any CPU.ActiveCfg = Debug|Any CPU
		{C9F0EF45-563C-43E7-9227-BEFD1367E945}.Debug|Any CPU.Build.0 = Debug|Any CPU
		{C9F0EF45-563C-43E7-9227-BEFD1367E945}.Release|Any CPU.ActiveCfg = Release|Any CPU
		{C9F0EF45-563C-43E7-9227-BEFD1367E945}.Release|Any CPU.Build.0 = Release|Any CPU
		{C02BF8CA-A463-4D8C-95FC-BBFCF6FA199F}.Debug|Any CPU.ActiveCfg = Debug|Any CPU
		{C02BF8CA-A463-4D8C-95FC-BBFCF6FA199F}.Debug|Any CPU.Build.0 = Debug|Any CPU
		{C02BF8CA-A463-4D8C-95FC-BBFCF6FA199F}.Release|Any CPU.ActiveCfg = Release|Any CPU
		{C02BF8CA-A463-4D8C-95FC-BBFCF6FA199F}.Release|Any CPU.Build.0 = Release|Any CPU
		{A4A1CF64-0125-4334-B292-9F7A405B956E}.Debug|Any CPU.ActiveCfg = Debug|Any CPU
		{A4A1CF64-0125-4334-B292-9F7A405B956E}.Debug|Any CPU.Build.0 = Debug|Any CPU
		{A4A1CF64-0125-4334-B292-9F7A405B956E}.Release|Any CPU.ActiveCfg = Release|Any CPU
		{A4A1CF64-0125-4334-B292-9F7A405B956E}.Release|Any CPU.Build.0 = Release|Any CPU
		{418B1286-FE4F-4106-AAA1-5A600BFA80C0}.Debug|Any CPU.ActiveCfg = Debug|Any CPU
		{418B1286-FE4F-4106-AAA1-5A600BFA80C0}.Debug|Any CPU.Build.0 = Debug|Any CPU
		{418B1286-FE4F-4106-AAA1-5A600BFA80C0}.Release|Any CPU.ActiveCfg = Release|Any CPU
		{418B1286-FE4F-4106-AAA1-5A600BFA80C0}.Release|Any CPU.Build.0 = Release|Any CPU
		{C7644874-32C4-4E77-BB67-79959C4B12CF}.Debug|Any CPU.ActiveCfg = Debug|Any CPU
		{C7644874-32C4-4E77-BB67-79959C4B12CF}.Debug|Any CPU.Build.0 = Debug|Any CPU
		{C7644874-32C4-4E77-BB67-79959C4B12CF}.Release|Any CPU.ActiveCfg = Release|Any CPU
		{C7644874-32C4-4E77-BB67-79959C4B12CF}.Release|Any CPU.Build.0 = Release|Any CPU
		{927BE363-6722-471C-A560-328C60CFD7FC}.Debug|Any CPU.ActiveCfg = Debug|Any CPU
		{927BE363-6722-471C-A560-328C60CFD7FC}.Debug|Any CPU.Build.0 = Debug|Any CPU
		{927BE363-6722-471C-A560-328C60CFD7FC}.Release|Any CPU.ActiveCfg = Release|Any CPU
		{927BE363-6722-471C-A560-328C60CFD7FC}.Release|Any CPU.Build.0 = Release|Any CPU
		{EF70063D-B04D-4D46-9575-C647951501C0}.Debug|Any CPU.ActiveCfg = Debug|Any CPU
		{EF70063D-B04D-4D46-9575-C647951501C0}.Debug|Any CPU.Build.0 = Debug|Any CPU
		{EF70063D-B04D-4D46-9575-C647951501C0}.Release|Any CPU.ActiveCfg = Release|Any CPU
		{EF70063D-B04D-4D46-9575-C647951501C0}.Release|Any CPU.Build.0 = Release|Any CPU
		{4E99409C-0705-4C84-8465-C3700D6762D4}.Debug|Any CPU.ActiveCfg = Debug|Any CPU
		{4E99409C-0705-4C84-8465-C3700D6762D4}.Debug|Any CPU.Build.0 = Debug|Any CPU
		{4E99409C-0705-4C84-8465-C3700D6762D4}.Release|Any CPU.ActiveCfg = Release|Any CPU
		{4E99409C-0705-4C84-8465-C3700D6762D4}.Release|Any CPU.Build.0 = Release|Any CPU
		{49CBD685-EDC4-48E0-B63D-155D2669DE67}.Debug|Any CPU.ActiveCfg = Debug|Any CPU
		{49CBD685-EDC4-48E0-B63D-155D2669DE67}.Debug|Any CPU.Build.0 = Debug|Any CPU
		{49CBD685-EDC4-48E0-B63D-155D2669DE67}.Release|Any CPU.ActiveCfg = Release|Any CPU
		{49CBD685-EDC4-48E0-B63D-155D2669DE67}.Release|Any CPU.Build.0 = Release|Any CPU
		{3160AE7A-545C-498B-9A23-3780D093C526}.Debug|Any CPU.ActiveCfg = Debug|Any CPU
		{3160AE7A-545C-498B-9A23-3780D093C526}.Debug|Any CPU.Build.0 = Debug|Any CPU
		{3160AE7A-545C-498B-9A23-3780D093C526}.Release|Any CPU.ActiveCfg = Release|Any CPU
		{3160AE7A-545C-498B-9A23-3780D093C526}.Release|Any CPU.Build.0 = Release|Any CPU
		{C774432C-7A34-4500-90D3-0B7D7ED7B413}.Debug|Any CPU.ActiveCfg = Debug|Any CPU
		{C774432C-7A34-4500-90D3-0B7D7ED7B413}.Debug|Any CPU.Build.0 = Debug|Any CPU
		{C774432C-7A34-4500-90D3-0B7D7ED7B413}.Release|Any CPU.ActiveCfg = Release|Any CPU
		{C774432C-7A34-4500-90D3-0B7D7ED7B413}.Release|Any CPU.Build.0 = Release|Any CPU
		{2D542B2D-2FB6-468B-949B-224C4AC9949F}.Debug|Any CPU.ActiveCfg = Debug|Any CPU
		{2D542B2D-2FB6-468B-949B-224C4AC9949F}.Debug|Any CPU.Build.0 = Debug|Any CPU
		{2D542B2D-2FB6-468B-949B-224C4AC9949F}.Release|Any CPU.ActiveCfg = Release|Any CPU
		{2D542B2D-2FB6-468B-949B-224C4AC9949F}.Release|Any CPU.Build.0 = Release|Any CPU
		{7F4CF697-C590-4B64-A342-F85F24C3CB1F}.Debug|Any CPU.ActiveCfg = Debug|Any CPU
		{7F4CF697-C590-4B64-A342-F85F24C3CB1F}.Debug|Any CPU.Build.0 = Debug|Any CPU
		{7F4CF697-C590-4B64-A342-F85F24C3CB1F}.Release|Any CPU.ActiveCfg = Release|Any CPU
		{7F4CF697-C590-4B64-A342-F85F24C3CB1F}.Release|Any CPU.Build.0 = Release|Any CPU
		{2FA812BD-A15F-4DE1-8AE9-F3952C930CBA}.Debug|Any CPU.ActiveCfg = Debug|Any CPU
		{2FA812BD-A15F-4DE1-8AE9-F3952C930CBA}.Debug|Any CPU.Build.0 = Debug|Any CPU
		{2FA812BD-A15F-4DE1-8AE9-F3952C930CBA}.Release|Any CPU.ActiveCfg = Release|Any CPU
		{2FA812BD-A15F-4DE1-8AE9-F3952C930CBA}.Release|Any CPU.Build.0 = Release|Any CPU
		{9B21A869-3022-462D-A741-A70EC0BD4278}.Debug|Any CPU.ActiveCfg = Debug|Any CPU
		{9B21A869-3022-462D-A741-A70EC0BD4278}.Debug|Any CPU.Build.0 = Debug|Any CPU
		{9B21A869-3022-462D-A741-A70EC0BD4278}.Release|Any CPU.ActiveCfg = Release|Any CPU
		{9B21A869-3022-462D-A741-A70EC0BD4278}.Release|Any CPU.Build.0 = Release|Any CPU
		{7571D13C-FBF0-4B7F-92A0-BF7C2CBD8C34}.Debug|Any CPU.ActiveCfg = Debug|Any CPU
		{7571D13C-FBF0-4B7F-92A0-BF7C2CBD8C34}.Debug|Any CPU.Build.0 = Debug|Any CPU
		{7571D13C-FBF0-4B7F-92A0-BF7C2CBD8C34}.Release|Any CPU.ActiveCfg = Release|Any CPU
		{7571D13C-FBF0-4B7F-92A0-BF7C2CBD8C34}.Release|Any CPU.Build.0 = Release|Any CPU
		{0C595849-9836-418F-BA7D-03EFD7841B5D}.Debug|Any CPU.ActiveCfg = Debug|Any CPU
		{0C595849-9836-418F-BA7D-03EFD7841B5D}.Debug|Any CPU.Build.0 = Debug|Any CPU
		{0C595849-9836-418F-BA7D-03EFD7841B5D}.Release|Any CPU.ActiveCfg = Release|Any CPU
		{0C595849-9836-418F-BA7D-03EFD7841B5D}.Release|Any CPU.Build.0 = Release|Any CPU
		{24422926-AFFB-4B33-A0CF-F8349A165FD6}.Debug|Any CPU.ActiveCfg = Debug|Any CPU
		{24422926-AFFB-4B33-A0CF-F8349A165FD6}.Debug|Any CPU.Build.0 = Debug|Any CPU
		{24422926-AFFB-4B33-A0CF-F8349A165FD6}.Release|Any CPU.ActiveCfg = Release|Any CPU
		{24422926-AFFB-4B33-A0CF-F8349A165FD6}.Release|Any CPU.Build.0 = Release|Any CPU
		{B36C52D1-5390-46F8-966D-E0C4D135376D}.Debug|Any CPU.ActiveCfg = Debug|Any CPU
		{B36C52D1-5390-46F8-966D-E0C4D135376D}.Debug|Any CPU.Build.0 = Debug|Any CPU
		{B36C52D1-5390-46F8-966D-E0C4D135376D}.Release|Any CPU.ActiveCfg = Release|Any CPU
		{B36C52D1-5390-46F8-966D-E0C4D135376D}.Release|Any CPU.Build.0 = Release|Any CPU
		{7E98B0DC-C8A7-44D1-AE5B-8484EC2F3480}.Debug|Any CPU.ActiveCfg = Debug|Any CPU
		{7E98B0DC-C8A7-44D1-AE5B-8484EC2F3480}.Debug|Any CPU.Build.0 = Debug|Any CPU
		{7E98B0DC-C8A7-44D1-AE5B-8484EC2F3480}.Release|Any CPU.ActiveCfg = Release|Any CPU
		{7E98B0DC-C8A7-44D1-AE5B-8484EC2F3480}.Release|Any CPU.Build.0 = Release|Any CPU
		{C53EADB7-6181-49BA-92C8-CD4F460E38A6}.Debug|Any CPU.ActiveCfg = Debug|Any CPU
		{C53EADB7-6181-49BA-92C8-CD4F460E38A6}.Debug|Any CPU.Build.0 = Debug|Any CPU
		{C53EADB7-6181-49BA-92C8-CD4F460E38A6}.Release|Any CPU.ActiveCfg = Release|Any CPU
		{C53EADB7-6181-49BA-92C8-CD4F460E38A6}.Release|Any CPU.Build.0 = Release|Any CPU
		{596BF566-DE54-474D-95F0-70888DD1E429}.Debug|Any CPU.ActiveCfg = Debug|Any CPU
		{596BF566-DE54-474D-95F0-70888DD1E429}.Debug|Any CPU.Build.0 = Debug|Any CPU
		{596BF566-DE54-474D-95F0-70888DD1E429}.Release|Any CPU.ActiveCfg = Release|Any CPU
		{596BF566-DE54-474D-95F0-70888DD1E429}.Release|Any CPU.Build.0 = Release|Any CPU
		{7BF7B8C4-BD35-4A85-86B3-32A4179CA9D9}.Debug|Any CPU.ActiveCfg = Debug|Any CPU
		{7BF7B8C4-BD35-4A85-86B3-32A4179CA9D9}.Debug|Any CPU.Build.0 = Debug|Any CPU
		{7BF7B8C4-BD35-4A85-86B3-32A4179CA9D9}.Release|Any CPU.ActiveCfg = Release|Any CPU
		{7BF7B8C4-BD35-4A85-86B3-32A4179CA9D9}.Release|Any CPU.Build.0 = Release|Any CPU
		{0E94E6E0-257A-4137-99A0-8574FC5E5DF3}.Debug|Any CPU.ActiveCfg = Debug|Any CPU
		{0E94E6E0-257A-4137-99A0-8574FC5E5DF3}.Debug|Any CPU.Build.0 = Debug|Any CPU
		{0E94E6E0-257A-4137-99A0-8574FC5E5DF3}.Release|Any CPU.ActiveCfg = Release|Any CPU
		{0E94E6E0-257A-4137-99A0-8574FC5E5DF3}.Release|Any CPU.Build.0 = Release|Any CPU
	EndGlobalSection
	GlobalSection(SolutionProperties) = preSolution
		HideSolutionNode = FALSE
	EndGlobalSection
	GlobalSection(ExtensibilityGlobals) = postSolution
		SolutionGuid = {F844EC9E-6AEE-4238-921B-05A9DCE3EE16}
	EndGlobalSection
	GlobalSection(NestedProjects) = preSolution
		{FE6903F2-2B09-494A-8F14-5F9D9428FA04} = {A127FB06-772A-4F77-A65E-6EDA88A9622F}
		{35B8EA7C-7836-493F-9A7A-617450B7278E} = {0CD6BE3D-ABFE-4626-AB50-D0264076737A}
		{5703C975-1DF2-4AC7-BD7D-133F2DAE2FB2} = {A127FB06-772A-4F77-A65E-6EDA88A9622F}
		{EFA9EA78-99DB-4DF6-B359-4263E264B72B} = {A127FB06-772A-4F77-A65E-6EDA88A9622F}
		{F4BC4E39-94AA-437D-BE25-EC7C9380858D} = {A127FB06-772A-4F77-A65E-6EDA88A9622F}
		{ABD9C8C1-56B2-4513-B15B-29BED2C71CDF} = {09B27CAA-AD3C-404E-B077-0C6937E2465B}
		{31825979-5DD6-42A3-AA43-C9F016CC02D2} = {0CD6BE3D-ABFE-4626-AB50-D0264076737A}
		{6A1E4C6B-E303-4AE0-BFF6-07697ABFFC76} = {0CD6BE3D-ABFE-4626-AB50-D0264076737A}
		{C9F0EF45-563C-43E7-9227-BEFD1367E945} = {09B27CAA-AD3C-404E-B077-0C6937E2465B}
		{C02BF8CA-A463-4D8C-95FC-BBFCF6FA199F} = {09B27CAA-AD3C-404E-B077-0C6937E2465B}
		{418B1286-FE4F-4106-AAA1-5A600BFA80C0} = {A127FB06-772A-4F77-A65E-6EDA88A9622F}
		{C7644874-32C4-4E77-BB67-79959C4B12CF} = {D25E5961-3C03-4728-BCDF-F26B8C3CC3D6}
		{927BE363-6722-471C-A560-328C60CFD7FC} = {D25E5961-3C03-4728-BCDF-F26B8C3CC3D6}
		{EF70063D-B04D-4D46-9575-C647951501C0} = {03EA5E18-1AB5-4AB6-A8E2-F80274F56EA5}
		{4E99409C-0705-4C84-8465-C3700D6762D4} = {03EA5E18-1AB5-4AB6-A8E2-F80274F56EA5}
		{49CBD685-EDC4-48E0-B63D-155D2669DE67} = {0CD6BE3D-ABFE-4626-AB50-D0264076737A}
		{3160AE7A-545C-498B-9A23-3780D093C526} = {F4EA0D92-83A8-407B-9107-C1693D7534B3}
		{C774432C-7A34-4500-90D3-0B7D7ED7B413} = {F4EA0D92-83A8-407B-9107-C1693D7534B3}
		{2D542B2D-2FB6-468B-949B-224C4AC9949F} = {F4EA0D92-83A8-407B-9107-C1693D7534B3}
		{7F4CF697-C590-4B64-A342-F85F24C3CB1F} = {F4EA0D92-83A8-407B-9107-C1693D7534B3}
		{2FA812BD-A15F-4DE1-8AE9-F3952C930CBA} = {03EA5E18-1AB5-4AB6-A8E2-F80274F56EA5}
		{9B21A869-3022-462D-A741-A70EC0BD4278} = {09B27CAA-AD3C-404E-B077-0C6937E2465B}
		{7571D13C-FBF0-4B7F-92A0-BF7C2CBD8C34} = {0CD6BE3D-ABFE-4626-AB50-D0264076737A}
		{0C595849-9836-418F-BA7D-03EFD7841B5D} = {0ABCBD90-7D0F-492B-91E1-83C3E3C73510}
		{24422926-AFFB-4B33-A0CF-F8349A165FD6} = {0ABCBD90-7D0F-492B-91E1-83C3E3C73510}
		{B36C52D1-5390-46F8-966D-E0C4D135376D} = {0ABCBD90-7D0F-492B-91E1-83C3E3C73510}
		{7E98B0DC-C8A7-44D1-AE5B-8484EC2F3480} = {0ABCBD90-7D0F-492B-91E1-83C3E3C73510}
		{C53EADB7-6181-49BA-92C8-CD4F460E38A6} = {03EA5E18-1AB5-4AB6-A8E2-F80274F56EA5}
		{596BF566-DE54-474D-95F0-70888DD1E429} = {DCBFB358-3028-4CBF-849E-B226F4FE7450}
		{7BF7B8C4-BD35-4A85-86B3-32A4179CA9D9} = {DCBFB358-3028-4CBF-849E-B226F4FE7450}
		{0E94E6E0-257A-4137-99A0-8574FC5E5DF3} = {DCBFB358-3028-4CBF-849E-B226F4FE7450}
	EndGlobalSection
EndGlobal
